
Microsoft Visual Studio Solution File, Format Version 12.00
# Visual Studio Version 16
VisualStudioVersion = 16.0.29709.97
MinimumVisualStudioVersion = 10.0.40219.1
Project("{FAE04EC0-301F-11D3-BF4B-00C04F79EFBC}") = "O-RFBSE", "O-RFBSE\O-RFBSE.csproj", "{BB9060C4-166D-41F7-80C6-236E1AACAA9A}"
EndProject
Global
	GlobalSection(SolutionConfigurationPlatforms) = preSolution
		Debug|Any CPU = Debug|Any CPU
		Release|Any CPU = Release|Any CPU
	EndGlobalSection
	GlobalSection(ProjectConfigurationPlatforms) = postSolution
		{BB9060C4-166D-41F7-80C6-236E1AACAA9A}.Debug|Any CPU.ActiveCfg = Debug|Any CPU
		{BB9060C4-166D-41F7-80C6-236E1AACAA9A}.Debug|Any CPU.Build.0 = Debug|Any CPU
		{BB9060C4-166D-41F7-80C6-236E1AACAA9A}.Release|Any CPU.ActiveCfg = Release|Any CPU
		{BB9060C4-166D-41F7-80C6-236E1AACAA9A}.Release|Any CPU.Build.0 = Release|Any CPU
	EndGlobalSection
	GlobalSection(SolutionProperties) = preSolution
		HideSolutionNode = FALSE
	EndGlobalSection
	GlobalSection(ExtensibilityGlobals) = postSolution
		SolutionGuid = {850C628A-F7B7-47F5-AD03-06A7F1C9E460}
	EndGlobalSection
EndGlobal
